
Microsoft Visual Studio Solution File, Format Version 12.00
# Visual Studio Version 17
VisualStudioVersion = 17.13.35919.96 d17.13
MinimumVisualStudioVersion = 10.0.40219.1
Project("{FAE04EC0-301F-11D3-BF4B-00C04F79EFBC}") = "Cakcikatire du date winform", "Cakcikatire du date winform\Cakcikatire du date winform.csproj", "{AE159220-C8A6-4BC3-B9E4-351A9BDFAE1D}"
EndProject
Global
	GlobalSection(SolutionConfigurationPlatforms) = preSolution
		Debug|Any CPU = Debug|Any CPU
		Release|Any CPU = Release|Any CPU
	EndGlobalSection
	GlobalSection(ProjectConfigurationPlatforms) = postSolution
		{AE159220-C8A6-4BC3-B9E4-351A9BDFAE1D}.Debug|Any CPU.ActiveCfg = Debug|Any CPU
		{AE159220-C8A6-4BC3-B9E4-351A9BDFAE1D}.Debug|Any CPU.Build.0 = Debug|Any CPU
		{AE159220-C8A6-4BC3-B9E4-351A9BDFAE1D}.Release|Any CPU.ActiveCfg = Release|Any CPU
		{AE159220-C8A6-4BC3-B9E4-351A9BDFAE1D}.Release|Any CPU.Build.0 = Release|Any CPU
	EndGlobalSection
	GlobalSection(SolutionProperties) = preSolution
		HideSolutionNode = FALSE
	EndGlobalSection
	GlobalSection(ExtensibilityGlobals) = postSolution
		SolutionGuid = {93856FC0-73EA-4AC9-8475-31C410A9B46D}
	EndGlobalSection
EndGlobal
